// !$*UTF8*$!
{
	archiveVersion = 1;
	classes = {
	};
	objectVersion = 56;
	objects = {

/* Begin PBXBuildFile section */
		81A4029B2BAB8293006AB0E8 /* DrawingView.swift in Sources */ = {isa = PBXBuildFile; fileRef = 81A4029A2BAB8293006AB0E8 /* DrawingView.swift */; };
		81A4029D2BAB82B9006AB0E8 /* DrawingViewModel.swift in Sources */ = {isa = PBXBuildFile; fileRef = 81A4029C2BAB82B9006AB0E8 /* DrawingViewModel.swift */; };
		81A4029F2BAB82E8006AB0E8 /* DrawingModel.swift in Sources */ = {isa = PBXBuildFile; fileRef = 81A4029E2BAB82E8006AB0E8 /* DrawingModel.swift */; };
		81A402A22BAB8328006AB0E8 /* ConvertImage.swift in Sources */ = {isa = PBXBuildFile; fileRef = 81A402A12BAB8328006AB0E8 /* ConvertImage.swift */; };
		81A402A42BAB8355006AB0E8 /* RuneClassifier.mlmodel in Sources */ = {isa = PBXBuildFile; fileRef = 81A402A32BAB8354006AB0E8 /* RuneClassifier.mlmodel */; };
		81A402A72BB1EDD3006AB0E8 /* MainMenuView.swift in Sources */ = {isa = PBXBuildFile; fileRef = 81A402A62BB1EDD3006AB0E8 /* MainMenuView.swift */; };
		81A402A92BBB2EF0006AB0E8 /* DeathMenuView.swift in Sources */ = {isa = PBXBuildFile; fileRef = 81A402A82BBB2EF0006AB0E8 /* DeathMenuView.swift */; };
		986D6E382BA8B3D600AF42D6 /* ButtonComponent.swift in Sources */ = {isa = PBXBuildFile; fileRef = 986D6E372BA8B3D600AF42D6 /* ButtonComponent.swift */; };
		989296662BA38BE200681BCD /* Time.swift in Sources */ = {isa = PBXBuildFile; fileRef = 989296652BA38BE200681BCD /* Time.swift */; };
		989296682BA390C900681BCD /* Camera.swift in Sources */ = {isa = PBXBuildFile; fileRef = 989296672BA390C900681BCD /* Camera.swift */; };
		9892966C2BA4B7CA00681BCD /* EnemyEntity.swift in Sources */ = {isa = PBXBuildFile; fileRef = 9892966B2BA4B7CA00681BCD /* EnemyEntity.swift */; };
		9892966E2BA4B7FB00681BCD /* Spawner.swift in Sources */ = {isa = PBXBuildFile; fileRef = 9892966D2BA4B7FA00681BCD /* Spawner.swift */; };
		989296702BA4BDE500681BCD /* Bounds.swift in Sources */ = {isa = PBXBuildFile; fileRef = 9892966F2BA4BDE500681BCD /* Bounds.swift */; };
		98DD7FD32BAE073D00CB4FBB /* Input.swift in Sources */ = {isa = PBXBuildFile; fileRef = 98DD7FD22BAE073D00CB4FBB /* Input.swift */; };
		98DD7FD52BAE08CF00CB4FBB /* PlayerState.swift in Sources */ = {isa = PBXBuildFile; fileRef = 98DD7FD42BAE08CF00CB4FBB /* PlayerState.swift */; };
		98DD7FD72BAE0CEC00CB4FBB /* PlayerStateMachine.swift in Sources */ = {isa = PBXBuildFile; fileRef = 98DD7FD62BAE0CEC00CB4FBB /* PlayerStateMachine.swift */; };
		98E0E3C02B9E7C8F0034011F /* Joystick.swift in Sources */ = {isa = PBXBuildFile; fileRef = 98E0E3BF2B9E7C8F0034011F /* Joystick.swift */; };
		98E0E3C22B9E8A910034011F /* Math.swift in Sources */ = {isa = PBXBuildFile; fileRef = 98E0E3C12B9E8A910034011F /* Math.swift */; };
		98E0E3C42B9F45B00034011F /* Controllers.swift in Sources */ = {isa = PBXBuildFile; fileRef = 98E0E3C32B9F45B00034011F /* Controllers.swift */; };
		98E0E3C62B9F47AA0034011F /* Overlay.swift in Sources */ = {isa = PBXBuildFile; fileRef = 98E0E3C52B9F47AA0034011F /* Overlay.swift */; };
		98F679F02B9B989D00A0EBEE /* tanuki_the_gameApp.swift in Sources */ = {isa = PBXBuildFile; fileRef = 98F679EF2B9B989D00A0EBEE /* tanuki_the_gameApp.swift */; };
		98F679F42B9B989E00A0EBEE /* Assets.xcassets in Resources */ = {isa = PBXBuildFile; fileRef = 98F679F32B9B989E00A0EBEE /* Assets.xcassets */; };
		98F679F72B9B989E00A0EBEE /* Preview Assets.xcassets in Resources */ = {isa = PBXBuildFile; fileRef = 98F679F62B9B989E00A0EBEE /* Preview Assets.xcassets */; };
		AB38C63E2BAA1BC7006C279A /* MovementComponent.swift in Sources */ = {isa = PBXBuildFile; fileRef = AB38C63D2BAA1BC7006C279A /* MovementComponent.swift */; };
		AB38C6402BAA256A006C279A /* bitMask.swift in Sources */ = {isa = PBXBuildFile; fileRef = AB38C63F2BAA256A006C279A /* bitMask.swift */; };
		AB38C6422BAB602E006C279A /* GetAnimationsFromArt.swift in Sources */ = {isa = PBXBuildFile; fileRef = AB38C6412BAB602E006C279A /* GetAnimationsFromArt.swift */; };
		AB38C6452BAB61F6006C279A /* AnimationComponent.swift in Sources */ = {isa = PBXBuildFile; fileRef = AB38C6442BAB61F6006C279A /* AnimationComponent.swift */; };
		AB38C6482BAB65DB006C279A /* IdleState.swift in Sources */ = {isa = PBXBuildFile; fileRef = AB38C6472BAB65DB006C279A /* IdleState.swift */; };
		AB38C64A2BAB65E7006C279A /* WalkingState.swift in Sources */ = {isa = PBXBuildFile; fileRef = AB38C6492BAB65E7006C279A /* WalkingState.swift */; };
		ABA87F402BACC14C00D60155 /* AttackComponent.swift in Sources */ = {isa = PBXBuildFile; fileRef = ABA87F3F2BACC14C00D60155 /* AttackComponent.swift */; };
		ABAFEA892BA22A8900BB5E9D /* PhysicsBodyComponent.swift in Sources */ = {isa = PBXBuildFile; fileRef = ABAFEA882BA22A8900BB5E9D /* PhysicsBodyComponent.swift */; };
		ABAFEA8B2BA22C2200BB5E9D /* ScenarioEntity.swift in Sources */ = {isa = PBXBuildFile; fileRef = ABAFEA8A2BA22C2200BB5E9D /* ScenarioEntity.swift */; };
		ABAFEA8D2BA22C3E00BB5E9D /* BaseEntity.swift in Sources */ = {isa = PBXBuildFile; fileRef = ABAFEA8C2BA22C3E00BB5E9D /* BaseEntity.swift */; };
		ABC429542BA4DB87009F0905 /* Art.scnassets in Resources */ = {isa = PBXBuildFile; fileRef = ABC429532BA4DB87009F0905 /* Art.scnassets */; };
		ABF676C12B9F2FB8007806B3 /* PlayerEntity.swift in Sources */ = {isa = PBXBuildFile; fileRef = ABF676C02B9F2FB8007806B3 /* PlayerEntity.swift */; };
		ABF676C52B9F31B6007806B3 /* MainScene.swift in Sources */ = {isa = PBXBuildFile; fileRef = ABF676C42B9F31B6007806B3 /* MainScene.swift */; };
		ABF676C72B9F343D007806B3 /* GameViewController.swift in Sources */ = {isa = PBXBuildFile; fileRef = ABF676C62B9F343D007806B3 /* GameViewController.swift */; };
		ABF676C92B9F37B8007806B3 /* VisualComponent.swift in Sources */ = {isa = PBXBuildFile; fileRef = ABF676C82B9F37B8007806B3 /* VisualComponent.swift */; };
/* End PBXBuildFile section */

/* Begin PBXFileReference section */
		81A4029A2BAB8293006AB0E8 /* DrawingView.swift */ = {isa = PBXFileReference; lastKnownFileType = sourcecode.swift; path = DrawingView.swift; sourceTree = "<group>"; };
		81A4029C2BAB82B9006AB0E8 /* DrawingViewModel.swift */ = {isa = PBXFileReference; lastKnownFileType = sourcecode.swift; path = DrawingViewModel.swift; sourceTree = "<group>"; };
		81A4029E2BAB82E8006AB0E8 /* DrawingModel.swift */ = {isa = PBXFileReference; lastKnownFileType = sourcecode.swift; path = DrawingModel.swift; sourceTree = "<group>"; };
		81A402A12BAB8328006AB0E8 /* ConvertImage.swift */ = {isa = PBXFileReference; lastKnownFileType = sourcecode.swift; path = ConvertImage.swift; sourceTree = "<group>"; };
		81A402A32BAB8354006AB0E8 /* RuneClassifier.mlmodel */ = {isa = PBXFileReference; lastKnownFileType = file.mlmodel; path = RuneClassifier.mlmodel; sourceTree = "<group>"; };
		81A402A62BB1EDD3006AB0E8 /* MainMenuView.swift */ = {isa = PBXFileReference; lastKnownFileType = sourcecode.swift; path = MainMenuView.swift; sourceTree = "<group>"; };
		81A402A82BBB2EF0006AB0E8 /* DeathMenuView.swift */ = {isa = PBXFileReference; lastKnownFileType = sourcecode.swift; path = DeathMenuView.swift; sourceTree = "<group>"; };
		986D6E372BA8B3D600AF42D6 /* ButtonComponent.swift */ = {isa = PBXFileReference; lastKnownFileType = sourcecode.swift; path = ButtonComponent.swift; sourceTree = "<group>"; };
		989296652BA38BE200681BCD /* Time.swift */ = {isa = PBXFileReference; lastKnownFileType = sourcecode.swift; path = Time.swift; sourceTree = "<group>"; };
		989296672BA390C900681BCD /* Camera.swift */ = {isa = PBXFileReference; lastKnownFileType = sourcecode.swift; path = Camera.swift; sourceTree = "<group>"; };
		9892966B2BA4B7CA00681BCD /* EnemyEntity.swift */ = {isa = PBXFileReference; lastKnownFileType = sourcecode.swift; path = EnemyEntity.swift; sourceTree = "<group>"; };
		9892966D2BA4B7FA00681BCD /* Spawner.swift */ = {isa = PBXFileReference; lastKnownFileType = sourcecode.swift; path = Spawner.swift; sourceTree = "<group>"; };
		9892966F2BA4BDE500681BCD /* Bounds.swift */ = {isa = PBXFileReference; lastKnownFileType = sourcecode.swift; path = Bounds.swift; sourceTree = "<group>"; };
		98DD7FD22BAE073D00CB4FBB /* Input.swift */ = {isa = PBXFileReference; fileEncoding = 4; lastKnownFileType = sourcecode.swift; path = Input.swift; sourceTree = "<group>"; };
		98DD7FD42BAE08CF00CB4FBB /* PlayerState.swift */ = {isa = PBXFileReference; lastKnownFileType = sourcecode.swift; path = PlayerState.swift; sourceTree = "<group>"; };
		98DD7FD62BAE0CEC00CB4FBB /* PlayerStateMachine.swift */ = {isa = PBXFileReference; lastKnownFileType = sourcecode.swift; path = PlayerStateMachine.swift; sourceTree = "<group>"; };
		98E0E3BF2B9E7C8F0034011F /* Joystick.swift */ = {isa = PBXFileReference; lastKnownFileType = sourcecode.swift; path = Joystick.swift; sourceTree = "<group>"; };
		98E0E3C12B9E8A910034011F /* Math.swift */ = {isa = PBXFileReference; lastKnownFileType = sourcecode.swift; path = Math.swift; sourceTree = "<group>"; };
		98E0E3C32B9F45B00034011F /* Controllers.swift */ = {isa = PBXFileReference; lastKnownFileType = sourcecode.swift; path = Controllers.swift; sourceTree = "<group>"; };
		98E0E3C52B9F47AA0034011F /* Overlay.swift */ = {isa = PBXFileReference; lastKnownFileType = sourcecode.swift; path = Overlay.swift; sourceTree = "<group>"; };
		98F679EC2B9B989D00A0EBEE /* tanuki-the-game.app */ = {isa = PBXFileReference; explicitFileType = wrapper.application; includeInIndex = 0; path = "tanuki-the-game.app"; sourceTree = BUILT_PRODUCTS_DIR; };
		98F679EF2B9B989D00A0EBEE /* tanuki_the_gameApp.swift */ = {isa = PBXFileReference; lastKnownFileType = sourcecode.swift; path = tanuki_the_gameApp.swift; sourceTree = "<group>"; };
		98F679F32B9B989E00A0EBEE /* Assets.xcassets */ = {isa = PBXFileReference; lastKnownFileType = folder.assetcatalog; path = Assets.xcassets; sourceTree = "<group>"; };
		98F679F62B9B989E00A0EBEE /* Preview Assets.xcassets */ = {isa = PBXFileReference; lastKnownFileType = folder.assetcatalog; path = "Preview Assets.xcassets"; sourceTree = "<group>"; };
		AB38C63D2BAA1BC7006C279A /* MovementComponent.swift */ = {isa = PBXFileReference; lastKnownFileType = sourcecode.swift; path = MovementComponent.swift; sourceTree = "<group>"; };
		AB38C63F2BAA256A006C279A /* bitMask.swift */ = {isa = PBXFileReference; lastKnownFileType = sourcecode.swift; path = bitMask.swift; sourceTree = "<group>"; };
		AB38C6412BAB602E006C279A /* GetAnimationsFromArt.swift */ = {isa = PBXFileReference; lastKnownFileType = sourcecode.swift; path = GetAnimationsFromArt.swift; sourceTree = "<group>"; };
		AB38C6442BAB61F6006C279A /* AnimationComponent.swift */ = {isa = PBXFileReference; lastKnownFileType = sourcecode.swift; path = AnimationComponent.swift; sourceTree = "<group>"; };
		AB38C6472BAB65DB006C279A /* IdleState.swift */ = {isa = PBXFileReference; lastKnownFileType = sourcecode.swift; path = IdleState.swift; sourceTree = "<group>"; };
		AB38C6492BAB65E7006C279A /* WalkingState.swift */ = {isa = PBXFileReference; lastKnownFileType = sourcecode.swift; path = WalkingState.swift; sourceTree = "<group>"; };
		ABA87F3F2BACC14C00D60155 /* AttackComponent.swift */ = {isa = PBXFileReference; lastKnownFileType = sourcecode.swift; path = AttackComponent.swift; sourceTree = "<group>"; };
		ABAFEA882BA22A8900BB5E9D /* PhysicsBodyComponent.swift */ = {isa = PBXFileReference; lastKnownFileType = sourcecode.swift; path = PhysicsBodyComponent.swift; sourceTree = "<group>"; };
		ABAFEA8A2BA22C2200BB5E9D /* ScenarioEntity.swift */ = {isa = PBXFileReference; lastKnownFileType = sourcecode.swift; path = ScenarioEntity.swift; sourceTree = "<group>"; };
		ABAFEA8C2BA22C3E00BB5E9D /* BaseEntity.swift */ = {isa = PBXFileReference; lastKnownFileType = sourcecode.swift; path = BaseEntity.swift; sourceTree = "<group>"; };
		ABC429532BA4DB87009F0905 /* Art.scnassets */ = {isa = PBXFileReference; lastKnownFileType = wrapper.scnassets; path = Art.scnassets; sourceTree = "<group>"; };
		ABF676C02B9F2FB8007806B3 /* PlayerEntity.swift */ = {isa = PBXFileReference; lastKnownFileType = sourcecode.swift; path = PlayerEntity.swift; sourceTree = "<group>"; };
		ABF676C42B9F31B6007806B3 /* MainScene.swift */ = {isa = PBXFileReference; lastKnownFileType = sourcecode.swift; path = MainScene.swift; sourceTree = "<group>"; };
		ABF676C62B9F343D007806B3 /* GameViewController.swift */ = {isa = PBXFileReference; lastKnownFileType = sourcecode.swift; path = GameViewController.swift; sourceTree = "<group>"; };
		ABF676C82B9F37B8007806B3 /* VisualComponent.swift */ = {isa = PBXFileReference; lastKnownFileType = sourcecode.swift; path = VisualComponent.swift; sourceTree = "<group>"; };
/* End PBXFileReference section */

/* Begin PBXFrameworksBuildPhase section */
		98F679E92B9B989D00A0EBEE /* Frameworks */ = {
			isa = PBXFrameworksBuildPhase;
			buildActionMask = 2147483647;
			files = (
			);
			runOnlyForDeploymentPostprocessing = 0;
		};
/* End PBXFrameworksBuildPhase section */

/* Begin PBXGroup section */
		81A402992BAB8275006AB0E8 /* Drawing */ = {
			isa = PBXGroup;
			children = (
				81A402A02BAB8313006AB0E8 /* CoreML */,
				81A4029E2BAB82E8006AB0E8 /* DrawingModel.swift */,
				81A4029A2BAB8293006AB0E8 /* DrawingView.swift */,
				81A4029C2BAB82B9006AB0E8 /* DrawingViewModel.swift */,
			);
			path = Drawing;
			sourceTree = "<group>";
		};
		81A402A02BAB8313006AB0E8 /* CoreML */ = {
			isa = PBXGroup;
			children = (
				81A402A32BAB8354006AB0E8 /* RuneClassifier.mlmodel */,
				81A402A12BAB8328006AB0E8 /* ConvertImage.swift */,
			);
			path = CoreML;
			sourceTree = "<group>";
		};
		81A402A52BB1EDA1006AB0E8 /* Menu */ = {
			isa = PBXGroup;
			children = (
				81A402A62BB1EDD3006AB0E8 /* MainMenuView.swift */,
				81A402A82BBB2EF0006AB0E8 /* DeathMenuView.swift */,
			);
			path = Menu;
			sourceTree = "<group>";
		};
		98E0E3BE2B9E7C860034011F /* Components */ = {
			isa = PBXGroup;
			children = (
				ABF676C82B9F37B8007806B3 /* VisualComponent.swift */,
				ABAFEA882BA22A8900BB5E9D /* PhysicsBodyComponent.swift */,
				AB38C63D2BAA1BC7006C279A /* MovementComponent.swift */,
				AB38C6442BAB61F6006C279A /* AnimationComponent.swift */,
				ABA87F3F2BACC14C00D60155 /* AttackComponent.swift */,
			);
			path = Components;
			sourceTree = "<group>";
		};
		98F679E32B9B989D00A0EBEE = {
			isa = PBXGroup;
			children = (
				98F679EE2B9B989D00A0EBEE /* tanuki-the-game */,
				98F679ED2B9B989D00A0EBEE /* Products */,
			);
			sourceTree = "<group>";
		};
		98F679ED2B9B989D00A0EBEE /* Products */ = {
			isa = PBXGroup;
			children = (
				98F679EC2B9B989D00A0EBEE /* tanuki-the-game.app */,
			);
			name = Products;
			sourceTree = "<group>";
		};
		98F679EE2B9B989D00A0EBEE /* tanuki-the-game */ = {
			isa = PBXGroup;
			children = (
				81A402A52BB1EDA1006AB0E8 /* Menu */,
				81A402992BAB8275006AB0E8 /* Drawing */,
				ABF676BF2B9F2FAC007806B3 /* Entities */,
				98E0E3BE2B9E7C860034011F /* Components */,
				AB38C6462BAB64CD006C279A /* PlayerStates */,
				AB38C6432BAB612D006C279A /* HUD */,
				98F679F32B9B989E00A0EBEE /* Assets.xcassets */,
				ABC429532BA4DB87009F0905 /* Art.scnassets */,
				98F679F52B9B989E00A0EBEE /* Preview Content */,
				ABF676BD2B9F2EFA007806B3 /* Utility */,
				ABF676BE2B9F2F08007806B3 /* App */,
				ABF676C42B9F31B6007806B3 /* MainScene.swift */,
				98E0E3C52B9F47AA0034011F /* Overlay.swift */,
			);
			path = "tanuki-the-game";
			sourceTree = "<group>";
		};
		98F679F52B9B989E00A0EBEE /* Preview Content */ = {
			isa = PBXGroup;
			children = (
				98F679F62B9B989E00A0EBEE /* Preview Assets.xcassets */,
			);
			path = "Preview Content";
			sourceTree = "<group>";
		};
		AB38C6432BAB612D006C279A /* HUD */ = {
			isa = PBXGroup;
			children = (
				98E0E3BF2B9E7C8F0034011F /* Joystick.swift */,
				986D6E372BA8B3D600AF42D6 /* ButtonComponent.swift */,
				98E0E3C32B9F45B00034011F /* Controllers.swift */,
			);
			path = HUD;
			sourceTree = "<group>";
		};
		AB38C6462BAB64CD006C279A /* PlayerStates */ = {
			isa = PBXGroup;
			children = (
				AB38C6472BAB65DB006C279A /* IdleState.swift */,
				AB38C6492BAB65E7006C279A /* WalkingState.swift */,
				98DD7FD42BAE08CF00CB4FBB /* PlayerState.swift */,
				98DD7FD62BAE0CEC00CB4FBB /* PlayerStateMachine.swift */,
			);
			path = PlayerStates;
			sourceTree = "<group>";
		};
		ABF676BD2B9F2EFA007806B3 /* Utility */ = {
			isa = PBXGroup;
			children = (
				98DD7FD22BAE073D00CB4FBB /* Input.swift */,
				98E0E3C12B9E8A910034011F /* Math.swift */,
				989296652BA38BE200681BCD /* Time.swift */,
				9892966F2BA4BDE500681BCD /* Bounds.swift */,
				AB38C63F2BAA256A006C279A /* bitMask.swift */,
				AB38C6412BAB602E006C279A /* GetAnimationsFromArt.swift */,
			);
			path = Utility;
			sourceTree = "<group>";
		};
		ABF676BE2B9F2F08007806B3 /* App */ = {
			isa = PBXGroup;
			children = (
				98F679EF2B9B989D00A0EBEE /* tanuki_the_gameApp.swift */,
				ABF676C62B9F343D007806B3 /* GameViewController.swift */,
			);
			path = App;
			sourceTree = "<group>";
		};
		ABF676BF2B9F2FAC007806B3 /* Entities */ = {
			isa = PBXGroup;
			children = (
				ABAFEA8C2BA22C3E00BB5E9D /* BaseEntity.swift */,
				ABF676C02B9F2FB8007806B3 /* PlayerEntity.swift */,
				ABAFEA8A2BA22C2200BB5E9D /* ScenarioEntity.swift */,
				989296672BA390C900681BCD /* Camera.swift */,
				9892966B2BA4B7CA00681BCD /* EnemyEntity.swift */,
				9892966D2BA4B7FA00681BCD /* Spawner.swift */,
			);
			path = Entities;
			sourceTree = "<group>";
		};
/* End PBXGroup section */

/* Begin PBXNativeTarget section */
		98F679EB2B9B989D00A0EBEE /* tanuki-the-game */ = {
			isa = PBXNativeTarget;
			buildConfigurationList = 98F679FA2B9B989E00A0EBEE /* Build configuration list for PBXNativeTarget "tanuki-the-game" */;
			buildPhases = (
				98F679E82B9B989D00A0EBEE /* Sources */,
				98F679E92B9B989D00A0EBEE /* Frameworks */,
				98F679EA2B9B989D00A0EBEE /* Resources */,
			);
			buildRules = (
			);
			dependencies = (
			);
			name = "tanuki-the-game";
			productName = "tanuki-the-game";
			productReference = 98F679EC2B9B989D00A0EBEE /* tanuki-the-game.app */;
			productType = "com.apple.product-type.application";
		};
/* End PBXNativeTarget section */

/* Begin PBXProject section */
		98F679E42B9B989D00A0EBEE /* Project object */ = {
			isa = PBXProject;
			attributes = {
				BuildIndependentTargetsInParallel = 1;
				LastSwiftUpdateCheck = 1500;
				LastUpgradeCheck = 1500;
				TargetAttributes = {
					98F679EB2B9B989D00A0EBEE = {
						CreatedOnToolsVersion = 15.0;
					};
				};
			};
			buildConfigurationList = 98F679E72B9B989D00A0EBEE /* Build configuration list for PBXProject "tanuki-the-game" */;
			compatibilityVersion = "Xcode 14.0";
			developmentRegion = en;
			hasScannedForEncodings = 0;
			knownRegions = (
				en,
				Base,
			);
			mainGroup = 98F679E32B9B989D00A0EBEE;
			productRefGroup = 98F679ED2B9B989D00A0EBEE /* Products */;
			projectDirPath = "";
			projectRoot = "";
			targets = (
				98F679EB2B9B989D00A0EBEE /* tanuki-the-game */,
			);
		};
/* End PBXProject section */

/* Begin PBXResourcesBuildPhase section */
		98F679EA2B9B989D00A0EBEE /* Resources */ = {
			isa = PBXResourcesBuildPhase;
			buildActionMask = 2147483647;
			files = (
				ABC429542BA4DB87009F0905 /* Art.scnassets in Resources */,
				98F679F72B9B989E00A0EBEE /* Preview Assets.xcassets in Resources */,
				98F679F42B9B989E00A0EBEE /* Assets.xcassets in Resources */,
			);
			runOnlyForDeploymentPostprocessing = 0;
		};
/* End PBXResourcesBuildPhase section */

/* Begin PBXSourcesBuildPhase section */
		98F679E82B9B989D00A0EBEE /* Sources */ = {
			isa = PBXSourcesBuildPhase;
			buildActionMask = 2147483647;
			files = (
				AB38C63E2BAA1BC7006C279A /* MovementComponent.swift in Sources */,
				ABF676C72B9F343D007806B3 /* GameViewController.swift in Sources */,
				ABF676C12B9F2FB8007806B3 /* PlayerEntity.swift in Sources */,
				ABAFEA8B2BA22C2200BB5E9D /* ScenarioEntity.swift in Sources */,
				AB38C6402BAA256A006C279A /* bitMask.swift in Sources */,
				98E0E3C62B9F47AA0034011F /* Overlay.swift in Sources */,
				98E0E3C02B9E7C8F0034011F /* Joystick.swift in Sources */,
				986D6E382BA8B3D600AF42D6 /* ButtonComponent.swift in Sources */,
				AB38C6422BAB602E006C279A /* GetAnimationsFromArt.swift in Sources */,
				ABAFEA892BA22A8900BB5E9D /* PhysicsBodyComponent.swift in Sources */,
				98DD7FD52BAE08CF00CB4FBB /* PlayerState.swift in Sources */,
				989296702BA4BDE500681BCD /* Bounds.swift in Sources */,
				989296662BA38BE200681BCD /* Time.swift in Sources */,
				AB38C6452BAB61F6006C279A /* AnimationComponent.swift in Sources */,
				81A4029B2BAB8293006AB0E8 /* DrawingView.swift in Sources */,
				AB38C6482BAB65DB006C279A /* IdleState.swift in Sources */,
				9892966C2BA4B7CA00681BCD /* EnemyEntity.swift in Sources */,
				ABF676C52B9F31B6007806B3 /* MainScene.swift in Sources */,
				ABA87F402BACC14C00D60155 /* AttackComponent.swift in Sources */,
				ABAFEA8D2BA22C3E00BB5E9D /* BaseEntity.swift in Sources */,
				81A4029D2BAB82B9006AB0E8 /* DrawingViewModel.swift in Sources */,
				989296682BA390C900681BCD /* Camera.swift in Sources */,
				98F679F02B9B989D00A0EBEE /* tanuki_the_gameApp.swift in Sources */,
				81A402A92BBB2EF0006AB0E8 /* DeathMenuView.swift in Sources */,
				AB38C64A2BAB65E7006C279A /* WalkingState.swift in Sources */,
				81A402A72BB1EDD3006AB0E8 /* MainMenuView.swift in Sources */,
				98DD7FD72BAE0CEC00CB4FBB /* PlayerStateMachine.swift in Sources */,
				98E0E3C22B9E8A910034011F /* Math.swift in Sources */,
				81A402A42BAB8355006AB0E8 /* RuneClassifier.mlmodel in Sources */,
				98E0E3C42B9F45B00034011F /* Controllers.swift in Sources */,
				81A4029F2BAB82E8006AB0E8 /* DrawingModel.swift in Sources */,
				81A402A22BAB8328006AB0E8 /* ConvertImage.swift in Sources */,
				9892966E2BA4B7FB00681BCD /* Spawner.swift in Sources */,
				98DD7FD32BAE073D00CB4FBB /* Input.swift in Sources */,
				ABF676C92B9F37B8007806B3 /* VisualComponent.swift in Sources */,
			);
			runOnlyForDeploymentPostprocessing = 0;
		};
/* End PBXSourcesBuildPhase section */

/* Begin XCBuildConfiguration section */
		98F679F82B9B989E00A0EBEE /* Debug */ = {
			isa = XCBuildConfiguration;
			buildSettings = {
				ALWAYS_SEARCH_USER_PATHS = NO;
				ASSETCATALOG_COMPILER_GENERATE_SWIFT_ASSET_SYMBOL_EXTENSIONS = YES;
				CLANG_ANALYZER_NONNULL = YES;
				CLANG_ANALYZER_NUMBER_OBJECT_CONVERSION = YES_AGGRESSIVE;
				CLANG_CXX_LANGUAGE_STANDARD = "gnu++20";
				CLANG_ENABLE_MODULES = YES;
				CLANG_ENABLE_OBJC_ARC = YES;
				CLANG_ENABLE_OBJC_WEAK = YES;
				CLANG_WARN_BLOCK_CAPTURE_AUTORELEASING = YES;
				CLANG_WARN_BOOL_CONVERSION = YES;
				CLANG_WARN_COMMA = YES;
				CLANG_WARN_CONSTANT_CONVERSION = YES;
				CLANG_WARN_DEPRECATED_OBJC_IMPLEMENTATIONS = YES;
				CLANG_WARN_DIRECT_OBJC_ISA_USAGE = YES_ERROR;
				CLANG_WARN_DOCUMENTATION_COMMENTS = YES;
				CLANG_WARN_EMPTY_BODY = YES;
				CLANG_WARN_ENUM_CONVERSION = YES;
				CLANG_WARN_INFINITE_RECURSION = YES;
				CLANG_WARN_INT_CONVERSION = YES;
				CLANG_WARN_NON_LITERAL_NULL_CONVERSION = YES;
				CLANG_WARN_OBJC_IMPLICIT_RETAIN_SELF = YES;
				CLANG_WARN_OBJC_LITERAL_CONVERSION = YES;
				CLANG_WARN_OBJC_ROOT_CLASS = YES_ERROR;
				CLANG_WARN_QUOTED_INCLUDE_IN_FRAMEWORK_HEADER = YES;
				CLANG_WARN_RANGE_LOOP_ANALYSIS = YES;
				CLANG_WARN_STRICT_PROTOTYPES = YES;
				CLANG_WARN_SUSPICIOUS_MOVE = YES;
				CLANG_WARN_UNGUARDED_AVAILABILITY = YES_AGGRESSIVE;
				CLANG_WARN_UNREACHABLE_CODE = YES;
				CLANG_WARN__DUPLICATE_METHOD_MATCH = YES;
				COPY_PHASE_STRIP = NO;
				DEBUG_INFORMATION_FORMAT = dwarf;
				ENABLE_STRICT_OBJC_MSGSEND = YES;
				ENABLE_TESTABILITY = YES;
				ENABLE_USER_SCRIPT_SANDBOXING = YES;
				GCC_C_LANGUAGE_STANDARD = gnu17;
				GCC_DYNAMIC_NO_PIC = NO;
				GCC_NO_COMMON_BLOCKS = YES;
				GCC_OPTIMIZATION_LEVEL = 0;
				GCC_PREPROCESSOR_DEFINITIONS = (
					"DEBUG=1",
					"$(inherited)",
				);
				GCC_WARN_64_TO_32_BIT_CONVERSION = YES;
				GCC_WARN_ABOUT_RETURN_TYPE = YES_ERROR;
				GCC_WARN_UNDECLARED_SELECTOR = YES;
				GCC_WARN_UNINITIALIZED_AUTOS = YES_AGGRESSIVE;
				GCC_WARN_UNUSED_FUNCTION = YES;
				GCC_WARN_UNUSED_VARIABLE = YES;
				IPHONEOS_DEPLOYMENT_TARGET = 17.0;
				LOCALIZATION_PREFERS_STRING_CATALOGS = YES;
				MTL_ENABLE_DEBUG_INFO = INCLUDE_SOURCE;
				MTL_FAST_MATH = YES;
				ONLY_ACTIVE_ARCH = YES;
				SDKROOT = iphoneos;
				SWIFT_ACTIVE_COMPILATION_CONDITIONS = "DEBUG $(inherited)";
				SWIFT_OPTIMIZATION_LEVEL = "-Onone";
			};
			name = Debug;
		};
		98F679F92B9B989E00A0EBEE /* Release */ = {
			isa = XCBuildConfiguration;
			buildSettings = {
				ALWAYS_SEARCH_USER_PATHS = NO;
				ASSETCATALOG_COMPILER_GENERATE_SWIFT_ASSET_SYMBOL_EXTENSIONS = YES;
				CLANG_ANALYZER_NONNULL = YES;
				CLANG_ANALYZER_NUMBER_OBJECT_CONVERSION = YES_AGGRESSIVE;
				CLANG_CXX_LANGUAGE_STANDARD = "gnu++20";
				CLANG_ENABLE_MODULES = YES;
				CLANG_ENABLE_OBJC_ARC = YES;
				CLANG_ENABLE_OBJC_WEAK = YES;
				CLANG_WARN_BLOCK_CAPTURE_AUTORELEASING = YES;
				CLANG_WARN_BOOL_CONVERSION = YES;
				CLANG_WARN_COMMA = YES;
				CLANG_WARN_CONSTANT_CONVERSION = YES;
				CLANG_WARN_DEPRECATED_OBJC_IMPLEMENTATIONS = YES;
				CLANG_WARN_DIRECT_OBJC_ISA_USAGE = YES_ERROR;
				CLANG_WARN_DOCUMENTATION_COMMENTS = YES;
				CLANG_WARN_EMPTY_BODY = YES;
				CLANG_WARN_ENUM_CONVERSION = YES;
				CLANG_WARN_INFINITE_RECURSION = YES;
				CLANG_WARN_INT_CONVERSION = YES;
				CLANG_WARN_NON_LITERAL_NULL_CONVERSION = YES;
				CLANG_WARN_OBJC_IMPLICIT_RETAIN_SELF = YES;
				CLANG_WARN_OBJC_LITERAL_CONVERSION = YES;
				CLANG_WARN_OBJC_ROOT_CLASS = YES_ERROR;
				CLANG_WARN_QUOTED_INCLUDE_IN_FRAMEWORK_HEADER = YES;
				CLANG_WARN_RANGE_LOOP_ANALYSIS = YES;
				CLANG_WARN_STRICT_PROTOTYPES = YES;
				CLANG_WARN_SUSPICIOUS_MOVE = YES;
				CLANG_WARN_UNGUARDED_AVAILABILITY = YES_AGGRESSIVE;
				CLANG_WARN_UNREACHABLE_CODE = YES;
				CLANG_WARN__DUPLICATE_METHOD_MATCH = YES;
				COPY_PHASE_STRIP = NO;
				DEBUG_INFORMATION_FORMAT = "dwarf-with-dsym";
				ENABLE_NS_ASSERTIONS = NO;
				ENABLE_STRICT_OBJC_MSGSEND = YES;
				ENABLE_USER_SCRIPT_SANDBOXING = YES;
				GCC_C_LANGUAGE_STANDARD = gnu17;
				GCC_NO_COMMON_BLOCKS = YES;
				GCC_WARN_64_TO_32_BIT_CONVERSION = YES;
				GCC_WARN_ABOUT_RETURN_TYPE = YES_ERROR;
				GCC_WARN_UNDECLARED_SELECTOR = YES;
				GCC_WARN_UNINITIALIZED_AUTOS = YES_AGGRESSIVE;
				GCC_WARN_UNUSED_FUNCTION = YES;
				GCC_WARN_UNUSED_VARIABLE = YES;
				IPHONEOS_DEPLOYMENT_TARGET = 17.0;
				LOCALIZATION_PREFERS_STRING_CATALOGS = YES;
				MTL_ENABLE_DEBUG_INFO = NO;
				MTL_FAST_MATH = YES;
				SDKROOT = iphoneos;
				SWIFT_COMPILATION_MODE = wholemodule;
				VALIDATE_PRODUCT = YES;
			};
			name = Release;
		};
		98F679FB2B9B989E00A0EBEE /* Debug */ = {
			isa = XCBuildConfiguration;
			buildSettings = {
				ASSETCATALOG_COMPILER_APPICON_NAME = AppIcon;
				ASSETCATALOG_COMPILER_GLOBAL_ACCENT_COLOR_NAME = AccentColor;
				CODE_SIGN_STYLE = Automatic;
				CURRENT_PROJECT_VERSION = 1;
				DEVELOPMENT_ASSET_PATHS = "\"tanuki-the-game/Preview Content\"";
				DEVELOPMENT_TEAM = 3XAB48JYXN;
				ENABLE_PREVIEWS = YES;
				GENERATE_INFOPLIST_FILE = YES;
				INFOPLIST_KEY_UIApplicationSceneManifest_Generation = YES;
				INFOPLIST_KEY_UIApplicationSupportsIndirectInputEvents = YES;
				INFOPLIST_KEY_UILaunchScreen_Generation = YES;
				INFOPLIST_KEY_UISupportedInterfaceOrientations = "UIInterfaceOrientationLandscapeLeft UIInterfaceOrientationLandscapeRight";
				INFOPLIST_KEY_UISupportedInterfaceOrientations_iPad = "UIInterfaceOrientationLandscapeLeft UIInterfaceOrientationLandscapeRight UIInterfaceOrientationPortrait UIInterfaceOrientationPortraitUpsideDown";
				LD_RUNPATH_SEARCH_PATHS = (
					"$(inherited)",
					"@executable_path/Frameworks",
				);
				MARKETING_VERSION = 1.0;
				PRODUCT_BUNDLE_IDENTIFIER = "Victor.tanuki-the-game";
				PRODUCT_NAME = "$(TARGET_NAME)";
				SWIFT_EMIT_LOC_STRINGS = YES;
				SWIFT_VERSION = 5.0;
				TARGETED_DEVICE_FAMILY = "1,2";
			};
			name = Debug;
		};
		98F679FC2B9B989E00A0EBEE /* Release */ = {
			isa = XCBuildConfiguration;
			buildSettings = {
				ASSETCATALOG_COMPILER_APPICON_NAME = AppIcon;
				ASSETCATALOG_COMPILER_GLOBAL_ACCENT_COLOR_NAME = AccentColor;
				CODE_SIGN_STYLE = Automatic;
				CURRENT_PROJECT_VERSION = 1;
				DEVELOPMENT_ASSET_PATHS = "\"tanuki-the-game/Preview Content\"";
				DEVELOPMENT_TEAM = 3XAB48JYXN;
				ENABLE_PREVIEWS = YES;
				GENERATE_INFOPLIST_FILE = YES;
				INFOPLIST_KEY_UIApplicationSceneManifest_Generation = YES;
				INFOPLIST_KEY_UIApplicationSupportsIndirectInputEvents = YES;
				INFOPLIST_KEY_UILaunchScreen_Generation = YES;
				INFOPLIST_KEY_UISupportedInterfaceOrientations = "UIInterfaceOrientationLandscapeLeft UIInterfaceOrientationLandscapeRight";
				INFOPLIST_KEY_UISupportedInterfaceOrientations_iPad = "UIInterfaceOrientationLandscapeLeft UIInterfaceOrientationLandscapeRight UIInterfaceOrientationPortrait UIInterfaceOrientationPortraitUpsideDown";
				LD_RUNPATH_SEARCH_PATHS = (
					"$(inherited)",
					"@executable_path/Frameworks",
				);
				MARKETING_VERSION = 1.0;
				PRODUCT_BUNDLE_IDENTIFIER = "Victor.tanuki-the-game";
				PRODUCT_NAME = "$(TARGET_NAME)";
				SWIFT_EMIT_LOC_STRINGS = YES;
				SWIFT_VERSION = 5.0;
				TARGETED_DEVICE_FAMILY = "1,2";
			};
			name = Release;
		};
/* End XCBuildConfiguration section */

/* Begin XCConfigurationList section */
		98F679E72B9B989D00A0EBEE /* Build configuration list for PBXProject "tanuki-the-game" */ = {
			isa = XCConfigurationList;
			buildConfigurations = (
				98F679F82B9B989E00A0EBEE /* Debug */,
				98F679F92B9B989E00A0EBEE /* Release */,
			);
			defaultConfigurationIsVisible = 0;
			defaultConfigurationName = Release;
		};
		98F679FA2B9B989E00A0EBEE /* Build configuration list for PBXNativeTarget "tanuki-the-game" */ = {
			isa = XCConfigurationList;
			buildConfigurations = (
				98F679FB2B9B989E00A0EBEE /* Debug */,
				98F679FC2B9B989E00A0EBEE /* Release */,
			);
			defaultConfigurationIsVisible = 0;
			defaultConfigurationName = Release;
		};
/* End XCConfigurationList section */
	};
	rootObject = 98F679E42B9B989D00A0EBEE /* Project object */;
}
